{
    "_readme": [
        "This file locks the dependencies of your project to a known state",
        "Read more about it at https://getcomposer.org/doc/01-basic-usage.md#composer-lock-the-lock-file",
        "This file is @generated automatically"
    ],
    "hash": "770ccec4f264cdf665b7d4eeeed44745",
    "content-hash": "f3ff2c6118b77e5f2b0f8837796bd6f1",
    "packages": [
        {
            "name": "composer/installers",
            "version": "v1.0.12",
            "source": {
                "type": "git",
                "url": "https://github.com/composer/installers.git",
                "reference": "4127333b03e8b4c08d081958548aae5419d1a2fa"
            },
            "dist": {
                "type": "zip",
                "url": "https://api.github.com/repos/composer/installers/zipball/4127333b03e8b4c08d081958548aae5419d1a2fa",
                "reference": "4127333b03e8b4c08d081958548aae5419d1a2fa",
                "shasum": ""
            },
            "replace": {
                "shama/baton": "*"
            },
            "require-dev": {
                "composer/composer": "1.0.*@dev",
                "phpunit/phpunit": "3.7.*"
            },
            "type": "composer-installer",
            "extra": {
                "class": "Composer\\Installers\\Installer",
                "branch-alias": {
                    "dev-master": "1.0-dev"
                }
            },
            "autoload": {
                "psr-0": {
                    "Composer\\Installers\\": "src/"
                }
            },
            "notification-url": "https://packagist.org/downloads/",
            "license": [
                "MIT"
            ],
            "authors": [
                {
                    "name": "Kyle Robinson Young",
                    "email": "kyle@dontkry.com",
                    "homepage": "https://github.com/shama",
                    "role": "Developer"
                }
            ],
            "description": "A multi-framework Composer library installer",
            "homepage": "http://composer.github.com/installers/",
            "keywords": [
                "Craft",
                "Hurad",
                "MODX Evo",
                "OXID",
                "WolfCMS",
                "agl",
                "annotatecms",
                "cakephp",
                "codeigniter",
                "concrete5",
                "croogo",
                "drupal",
                "elgg",
                "fuelphp",
                "installer",
                "joomla",
                "kohana",
                "laravel",
                "lithium",
                "magento",
                "mako",
                "mediawiki",
                "modulework",
                "phpbb",
                "piwik",
                "ppi",
                "shopware",
                "silverstripe",
                "symfony",
                "typo3",
                "wordpress",
                "zend",
                "zikula"
            ],
            "time": "2014-02-24 04:21:34"
        },
        {
            "name": "johnpbloch/wordpress",
            "version": "4.3.1",
            "source": {
                "type": "git",
                "url": "https://github.com/johnpbloch/wordpress.git",
                "reference": "cfcf25eb42baeb7316a61c7a64e9a1ab3e291f2f"
            },
            "dist": {
                "type": "zip",
                "url": "https://api.github.com/repos/johnpbloch/wordpress/zipball/cfcf25eb42baeb7316a61c7a64e9a1ab3e291f2f",
                "reference": "cfcf25eb42baeb7316a61c7a64e9a1ab3e291f2f",
                "shasum": ""
            },
            "require": {
                "johnpbloch/wordpress-core-installer": "~0.2",
                "php": ">=5.3.2"
            },
            "type": "wordpress-core",
            "notification-url": "https://packagist.org/downloads/",
            "license": [
                "GPL-2.0+"
            ],
            "authors": [
                {
                    "name": "WordPress Community",
                    "homepage": "http://wordpress.org/about/"
                }
            ],
            "description": "WordPress is web software you can use to create a beautiful website or blog.",
            "homepage": "http://wordpress.org/",
            "keywords": [
                "blog",
                "cms"
            ],
            "time": "2015-09-15 15:01:23"
        },
        {
            "name": "johnpbloch/wordpress-core-installer",
            "version": "0.2.1",
            "source": {
                "type": "git",
                "url": "https://github.com/johnpbloch/wordpress-core-installer.git",
                "reference": "a04c2c383ef13aae077f36799ed2eafdebd618d2"
            },
            "dist": {
                "type": "zip",
                "url": "https://api.github.com/repos/johnpbloch/wordpress-core-installer/zipball/a04c2c383ef13aae077f36799ed2eafdebd618d2",
                "reference": "a04c2c383ef13aae077f36799ed2eafdebd618d2",
                "shasum": ""
            },
            "require": {
                "composer-plugin-api": "^1.0"
            },
            "conflict": {
                "composer/installers": "<1.0.6"
            },
            "require-dev": {
                "composer/composer": "1.0.*@dev"
            },
            "type": "composer-plugin",
            "extra": {
                "class": "johnpbloch\\Composer\\WordPressCorePlugin"
            },
            "autoload": {
                "psr-0": {
                    "johnpbloch\\Composer\\": "src/"
                }
            },
            "notification-url": "https://packagist.org/downloads/",
            "license": [
                "GPL-2.0+"
            ],
            "authors": [
                {
                    "name": "John P. Bloch",
                    "email": "me@johnpbloch.com"
                }
            ],
            "description": "A custom installer to handle deploying WordPress with composer",
            "keywords": [
                "wordpress"
            ],
            "time": "2015-06-11 15:15:30"
        },
        {
            "name": "koodimonni-language/fi",
            "version": "4.3.1",
            "dist": {
                "type": "zip",
                "url": "https://downloads.wordpress.org/translation/core/4.3.1/fi.zip",
                "reference": null,
                "shasum": null
            },
            "require": {
                "koodimonni-plugin-language/akismet-fi": "*",
                "koodimonni-plugin-language/woocommerce-fi": "*",
                "koodimonni-plugin-language/wordpress-importer-fi": "*",
                "koodimonni-theme-language/twentyeleven-fi": "*",
                "koodimonni-theme-language/twentyfifteen-fi": "*",
                "koodimonni-theme-language/twentyfourteen-fi": "*",
                "koodimonni-theme-language/twentyten-fi": "*",
                "koodimonni-theme-language/twentythirteen-fi": "*",
                "koodimonni-theme-language/twentytwelve-fi": "*",
                "koodimonni/composer-dropin-installer": ">=0.2.3"
            },
            "type": "wordpress-language",
            "description": "Full Wordpress translation (including themes and core plugins) for Finnish - fi",
            "keywords": [
                "Full-Package",
                "Translation",
                "Wordpress",
                "fi",
                "twentyten"
            ]
        },
        {
            "name": "koodimonni-plugin-language/akismet-fi",
            "version": "3.1",
            "dist": {
                "type": "zip",
                "url": "https://downloads.wordpress.org/translation/plugin/akismet/3.1/fi.zip",
                "reference": null,
                "shasum": null
            },
            "require": {
                "koodimonni/composer-dropin-installer": ">=0.2.3"
            },
            "type": "wordpress-language",
            "description": "Wordpress akismet translation for Finnish - fi",
            "keywords": [
                "Translation",
                "Wordpress",
                "akismet",
                "fi"
            ]
        },
        {
            "name": "koodimonni-plugin-language/woocommerce-fi",
            "version": "v2.4.6",
            "dist": {
                "type": "zip",
                "url": "https://raw.githubusercontent.com/woothemes/woocommerce-language-packs/52c9e23cb58fee075fcd2d65dddeff885b79a2ad/packages/fi.zip",
                "reference": null,
                "shasum": null
            },
            "require": {
                "koodimonni/composer-dropin-installer": ">=0.2.3"
            },
            "type": "wordpress-language",
            "description": "Wordpress woocommerce translation for Finnish - fi",
            "keywords": [
                "Translation",
                "Wordpress",
                "fi",
                "woocommerce"
            ]
        },
        {
            "name": "koodimonni-plugin-language/wordpress-importer-fi",
            "version": "0.6.1",
            "dist": {
                "type": "zip",
                "url": "https://downloads.wordpress.org/translation/plugin/wordpress-importer/0.6.1/fi.zip",
                "reference": null,
                "shasum": null
            },
            "require": {
                "koodimonni/composer-dropin-installer": ">=0.2.3"
            },
            "type": "wordpress-language",
            "description": "Wordpress wordpress-importer translation for Finnish - fi",
            "keywords": [
                "Translation",
                "Wordpress",
                "fi",
                "wordpress-importer"
            ]
        },
        {
            "name": "koodimonni-theme-language/twentyeleven-fi",
            "version": "2.2",
            "dist": {
                "type": "zip",
                "url": "https://downloads.wordpress.org/translation/theme/twentyeleven/2.2/fi.zip",
                "reference": null,
                "shasum": null
            },
            "require": {
                "koodimonni/composer-dropin-installer": ">=0.2.3"
            },
            "type": "wordpress-language",
            "description": "Wordpress twentyeleven translation for Finnish - fi",
            "keywords": [
                "Translation",
                "Wordpress",
                "fi",
                "twentyeleven"
            ]
        },
        {
            "name": "koodimonni-theme-language/twentyfifteen-fi",
            "version": "1.3",
            "dist": {
                "type": "zip",
                "url": "https://downloads.wordpress.org/translation/theme/twentyfifteen/1.3/fi.zip",
                "reference": null,
                "shasum": null
            },
            "require": {
                "koodimonni/composer-dropin-installer": ">=0.2.3"
            },
            "type": "wordpress-language",
            "description": "Wordpress twentyfifteen translation for Finnish - fi",
            "keywords": [
                "Translation",
                "Wordpress",
                "fi",
                "twentyfifteen"
            ]
        },
        {
            "name": "koodimonni-theme-language/twentyfourteen-fi",
            "version": "1.5",
            "dist": {
                "type": "zip",
                "url": "https://downloads.wordpress.org/translation/theme/twentyfourteen/1.5/fi.zip",
                "reference": null,
                "shasum": null
            },
            "require": {
                "koodimonni/composer-dropin-installer": ">=0.2.3"
            },
            "type": "wordpress-language",
            "description": "Wordpress twentyfourteen translation for Finnish - fi",
            "keywords": [
                "Translation",
                "Wordpress",
                "fi",
                "twentyfourteen"
            ]
        },
        {
            "name": "koodimonni-theme-language/twentyten-fi",
            "version": "2.0",
            "dist": {
                "type": "zip",
                "url": "https://downloads.wordpress.org/translation/theme/twentyten/2.0/fi.zip",
                "reference": null,
                "shasum": null
            },
            "require": {
                "koodimonni/composer-dropin-installer": ">=0.2.3"
            },
            "type": "wordpress-language",
            "description": "Wordpress twentyten translation for Finnish - fi",
            "keywords": [
                "Translation",
                "Wordpress",
                "fi",
                "twentyten"
            ]
        },
        {
            "name": "koodimonni-theme-language/twentythirteen-fi",
            "version": "1.6",
            "dist": {
                "type": "zip",
                "url": "https://downloads.wordpress.org/translation/theme/twentythirteen/1.6/fi.zip",
                "reference": null,
                "shasum": null
            },
            "require": {
                "koodimonni/composer-dropin-installer": ">=0.2.3"
            },
            "type": "wordpress-language",
            "description": "Wordpress twentythirteen translation for Finnish - fi",
            "keywords": [
                "Translation",
                "Wordpress",
                "fi",
                "twentythirteen"
            ]
        },
        {
            "name": "koodimonni-theme-language/twentytwelve-fi",
            "version": "1.8",
            "dist": {
                "type": "zip",
                "url": "https://downloads.wordpress.org/translation/theme/twentytwelve/1.8/fi.zip",
                "reference": null,
                "shasum": null
            },
            "require": {
                "koodimonni/composer-dropin-installer": ">=0.2.3"
            },
            "type": "wordpress-language",
            "description": "Wordpress twentytwelve translation for Finnish - fi",
            "keywords": [
                "Translation",
                "Wordpress",
                "fi",
                "twentytwelve"
            ]
        },
        {
            "name": "koodimonni/composer-dropin-installer",
            "version": "0.2.4",
            "source": {
                "type": "git",
                "url": "https://github.com/Koodimonni/Composer-Dropin-Installer.git",
                "reference": "618b96fd3bc8c1532610b7f7baedc4e60736a340"
            },
            "dist": {
                "type": "zip",
                "url": "https://api.github.com/repos/Koodimonni/Composer-Dropin-Installer/zipball/618b96fd3bc8c1532610b7f7baedc4e60736a340",
                "reference": "618b96fd3bc8c1532610b7f7baedc4e60736a340",
                "shasum": ""
            },
            "require": {
                "composer-plugin-api": "1.0.0"
            },
            "type": "composer-plugin",
            "extra": {
                "class": "Koodimonni\\Composer\\Dropin"
            },
            "autoload": {
                "psr-4": {
                    "Koodimonni\\Composer\\": "src"
                }
            },
            "notification-url": "https://packagist.org/downloads/",
            "license": [
                "WTFPL"
            ],
            "authors": [
                {
                    "name": "Onni Hakala",
                    "email": "onni@koodimonni.fi"
                }
            ],
            "description": "Do what the fuck you want with your composer packages aka. Composer Dropin installer. Install packages or part of packages into custom paths without overwriting existing stuff.",
            "time": "2015-01-04 10:24:12"
        },
        {
            "name": "seravo/seravo-plugin",
            "version": "1.3.4",
            "source": {
                "type": "git",
                "url": "https://github.com/Seravo/seravo-plugin.git",
                "reference": "05f3df166667de797293732d5b1ca7f38485ef8c"
            },
            "dist": {
                "type": "zip",
                "url": "https://api.github.com/repos/Seravo/seravo-plugin/zipball/05f3df166667de797293732d5b1ca7f38485ef8c",
                "reference": "05f3df166667de797293732d5b1ca7f38485ef8c",
                "shasum": ""
            },
            "require": {
                "composer/installers": "v1.0.12"
            },
            "type": "wordpress-muplugin",
            "notification-url": "https://packagist.org/downloads/",
            "license": [
                "MIT"
            ],
            "authors": [
                {
                    "name": "Onni Hakala",
                    "email": "onni@seravo.fi",
                    "homepage": "https://github.com/onnimonni"
                },
                {
                    "name": "Antti Kuosmanen",
                    "email": "antti@seravo.fi",
                    "homepage": "https://github.com/anttiviljami"
                }
            ],
            "description": "Enhances WordPress with WP-Palvelu.fi specific features and integrations",
            "homepage": "http://seravo.fi",
            "keywords": [
                "wordpress",
                "wp",
                "wp-palvelu"
            ],
            "time": "2015-12-24 12:50:25"
        }
    ],
    "packages-dev": [],
    "aliases": [],
    "minimum-stability": "stable",
    "stability-flags": [],
    "prefer-stable": false,
    "prefer-lowest": false,
    "platform": {
        "php": ">=5.3.2"
    },
    "platform-dev": []
}
